
Microsoft Visual Studio Solution File, Format Version 12.00
# Visual Studio Version 16
VisualStudioVersion = 16.0.29326.143
MinimumVisualStudioVersion = 10.0.40219.1
Project("{888888A0-9F3D-457C-B088-3A5042F75D52}") = "PythonFirstTime", "PythonFirstTime\PythonFirstTime.pyproj", "{51778E72-F868-4FEA-8168-E1ABD1EB9D98}"
EndProject
Global
	GlobalSection(SolutionConfigurationPlatforms) = preSolution
		Debug|Any CPU = Debug|Any CPU
		Release|Any CPU = Release|Any CPU
	EndGlobalSection
	GlobalSection(ProjectConfigurationPlatforms) = postSolution
		{51778E72-F868-4FEA-8168-E1ABD1EB9D98}.Debug|Any CPU.ActiveCfg = Debug|Any CPU
		{51778E72-F868-4FEA-8168-E1ABD1EB9D98}.Release|Any CPU.ActiveCfg = Release|Any CPU
	EndGlobalSection
	GlobalSection(SolutionProperties) = preSolution
		HideSolutionNode = FALSE
	EndGlobalSection
	GlobalSection(ExtensibilityGlobals) = postSolution
		SolutionGuid = {45A1CE95-72B8-47AC-8FCF-5B457D2F27B1}
	EndGlobalSection
EndGlobal
